
Microsoft Visual Studio Solution File, Format Version 12.00
# Visual Studio Version 17
VisualStudioVersion = 17.11.35327.3
MinimumVisualStudioVersion = 10.0.40219.1
Project("{FAE04EC0-301F-11D3-BF4B-00C04F79EFBC}") = "JWTDemo", "JWTDemo\JWTDemo.csproj", "{DCF4D66E-7CA8-46A6-8DD9-AC1A44CBD1B5}"
EndProject
Global
	GlobalSection(SolutionConfigurationPlatforms) = preSolution
		Debug|Any CPU = Debug|Any CPU
		Release|Any CPU = Release|Any CPU
	EndGlobalSection
	GlobalSection(ProjectConfigurationPlatforms) = postSolution
		{DCF4D66E-7CA8-46A6-8DD9-AC1A44CBD1B5}.Debug|Any CPU.ActiveCfg = Debug|Any CPU
		{DCF4D66E-7CA8-46A6-8DD9-AC1A44CBD1B5}.Debug|Any CPU.Build.0 = Debug|Any CPU
		{DCF4D66E-7CA8-46A6-8DD9-AC1A44CBD1B5}.Release|Any CPU.ActiveCfg = Release|Any CPU
		{DCF4D66E-7CA8-46A6-8DD9-AC1A44CBD1B5}.Release|Any CPU.Build.0 = Release|Any CPU
	EndGlobalSection
	GlobalSection(SolutionProperties) = preSolution
		HideSolutionNode = FALSE
	EndGlobalSection
	GlobalSection(ExtensibilityGlobals) = postSolution
		SolutionGuid = {E2888550-90E1-43B3-8296-1BFBBE750574}
	EndGlobalSection
EndGlobal
